{
  "name": "server",
  "version": "1.0.0",
  "lockfileVersion": 3,
  "requires": true,
  "packages": {
    "": {
      "name": "server",
      "version": "1.0.0",
      "license": "ISC",
      "dependencies": {
        "@paralleldrive/cuid2": "^2.2.2",
        "dayjs": "^1.11.13",
        "days": "^1.1.1",
        "drizzle-orm": "^0.33.0",
        "fastify": "^4.28.1",
        "fastify-type-provider-zod": "^2.0.0",
        "postgres": "^3.4.4",
        "zod": "^3.23.8"
      },
      "devDependencies": {
        "@biomejs/biome": "1.9.0",
        "@types/node": "^22.5.5",
        "drizzle-kit": "^0.24.2",
        "tsx": "^4.19.1",
        "typescript": "^5.6.2"
      }
    },
    "node_modules/@biomejs/biome": {
      "version": "1.9.0",
      "resolved": "https://ab-inbev.pkgs.visualstudio.com/GHQ_B2B_Delta/_packaging/admin-portal-shared-services/npm/registry/@biomejs/biome/-/biome-1.9.0.tgz",
      "integrity": "sha1-dg2LqjxCjURxd/lH/Nf8+U6lnco=",
      "dev": true,
      "hasInstallScript": true,
      "license": "MIT OR Apache-2.0",
      "bin": {
        "biome": "bin/biome"
      },
      "engines": {
        "node": ">=14.21.3"
      },
      "funding": {
        "type": "opencollective",
        "url": "https://opencollective.com/biome"
      },
      "optionalDependencies": {
        "@biomejs/cli-darwin-arm64": "1.9.0",
        "@biomejs/cli-darwin-x64": "1.9.0",
        "@biomejs/cli-linux-arm64": "1.9.0",
        "@biomejs/cli-linux-arm64-musl": "1.9.0",
        "@biomejs/cli-linux-x64": "1.9.0",
        "@biomejs/cli-linux-x64-musl": "1.9.0",
        "@biomejs/cli-win32-arm64": "1.9.0",
        "@biomejs/cli-win32-x64": "1.9.0"
      }
    },
    "node_modules/@biomejs/cli-darwin-arm64": {
      "version": "1.9.0",
      "resolved": "https://ab-inbev.pkgs.visualstudio.com/GHQ_B2B_Delta/_packaging/admin-portal-shared-services/npm/registry/@biomejs/cli-darwin-arm64/-/cli-darwin-arm64-1.9.0.tgz",
      "integrity": "sha1-cAOmmIj4cRrU8bC0m5JsRUic680=",
      "cpu": [
        "arm64"
      ],
      "dev": true,
      "license": "MIT OR Apache-2.0",
      "optional": true,
      "os": [
        "darwin"
      ],
      "engines": {
        "node": ">=14.21.3"
      }
    },
    "node_modules/@drizzle-team/brocli": {
      "version": "0.10.1",
      "resolved": "https://ab-inbev.pkgs.visualstudio.com/GHQ_B2B_Delta/_packaging/admin-portal-shared-services/npm/registry/@drizzle-team/brocli/-/brocli-0.10.1.tgz",
      "integrity": "sha1-i3PWXq8vbQT0Vxjqb014nWlSbNM=",
      "dev": true,
      "license": "Apache-2.0"
    },
    "node_modules/@esbuild-kit/core-utils": {
      "version": "3.3.2",
      "resolved": "https://ab-inbev.pkgs.visualstudio.com/GHQ_B2B_Delta/_packaging/admin-portal-shared-services/npm/registry/@esbuild-kit/core-utils/-/core-utils-3.3.2.tgz",
      "integrity": "sha1-GGtlmKUGbwQTRx18TUWCjjmbqWw=",
      "dev": true,
      "license": "MIT",
      "dependencies": {
        "esbuild": "~0.18.20",
        "source-map-support": "^0.5.21"
      }
    },
    "node_modules/@esbuild-kit/core-utils/node_modules/@esbuild/darwin-arm64": {
      "version": "0.18.20",
      "resolved": "https://ab-inbev.pkgs.visualstudio.com/GHQ_B2B_Delta/_packaging/admin-portal-shared-services/npm/registry/@esbuild/darwin-arm64/-/darwin-arm64-0.18.20.tgz",
      "integrity": "sha1-CBcsvsz5X7w4M5mn85z73a6w18E=",
      "cpu": [
        "arm64"
      ],
      "dev": true,
      "license": "MIT",
      "optional": true,
      "os": [
        "darwin"
      ],
      "engines": {
        "node": ">=12"
      }
    },
    "node_modules/@esbuild-kit/core-utils/node_modules/esbuild": {
      "version": "0.18.20",
      "resolved": "https://ab-inbev.pkgs.visualstudio.com/GHQ_B2B_Delta/_packaging/admin-portal-shared-services/npm/registry/esbuild/-/esbuild-0.18.20.tgz",
      "integrity": "sha1-Rwn1o0gBtDt5mrfW2C9yhKm3p6Y=",
      "dev": true,
      "hasInstallScript": true,
      "license": "MIT",
      "bin": {
        "esbuild": "bin/esbuild"
      },
      "engines": {
        "node": ">=12"
      },
      "optionalDependencies": {
        "@esbuild/android-arm": "0.18.20",
        "@esbuild/android-arm64": "0.18.20",
        "@esbuild/android-x64": "0.18.20",
        "@esbuild/darwin-arm64": "0.18.20",
        "@esbuild/darwin-x64": "0.18.20",
        "@esbuild/freebsd-arm64": "0.18.20",
        "@esbuild/freebsd-x64": "0.18.20",
        "@esbuild/linux-arm": "0.18.20",
        "@esbuild/linux-arm64": "0.18.20",
        "@esbuild/linux-ia32": "0.18.20",
        "@esbuild/linux-loong64": "0.18.20",
        "@esbuild/linux-mips64el": "0.18.20",
        "@esbuild/linux-ppc64": "0.18.20",
        "@esbuild/linux-riscv64": "0.18.20",
        "@esbuild/linux-s390x": "0.18.20",
        "@esbuild/linux-x64": "0.18.20",
        "@esbuild/netbsd-x64": "0.18.20",
        "@esbuild/openbsd-x64": "0.18.20",
        "@esbuild/sunos-x64": "0.18.20",
        "@esbuild/win32-arm64": "0.18.20",
        "@esbuild/win32-ia32": "0.18.20",
        "@esbuild/win32-x64": "0.18.20"
      }
    },
    "node_modules/@esbuild-kit/esm-loader": {
      "version": "2.6.5",
      "resolved": "https://ab-inbev.pkgs.visualstudio.com/GHQ_B2B_Delta/_packaging/admin-portal-shared-services/npm/registry/@esbuild-kit/esm-loader/-/esm-loader-2.6.5.tgz",
      "integrity": "sha1-bu3uRgldfROx78OB4iEe0cYOZOo=",
      "dev": true,
      "license": "MIT",
      "dependencies": {
        "@esbuild-kit/core-utils": "^3.3.2",
        "get-tsconfig": "^4.7.0"
      }
    },
    "node_modules/@esbuild/darwin-arm64": {
      "version": "0.19.12",
      "resolved": "https://ab-inbev.pkgs.visualstudio.com/GHQ_B2B_Delta/_packaging/admin-portal-shared-services/npm/registry/@esbuild/darwin-arm64/-/darwin-arm64-0.19.12.tgz",
      "integrity": "sha1-y+5B6YgCDUtRbp2eRN0pIAmWJ14=",
      "cpu": [
        "arm64"
      ],
      "dev": true,
      "license": "MIT",
      "optional": true,
      "os": [
        "darwin"
      ],
      "engines": {
        "node": ">=12"
      }
    },
    "node_modules/@fastify/ajv-compiler": {
      "version": "3.6.0",
      "resolved": "https://ab-inbev.pkgs.visualstudio.com/GHQ_B2B_Delta/_packaging/admin-portal-shared-services/npm/registry/@fastify/ajv-compiler/-/ajv-compiler-3.6.0.tgz",
      "integrity": "sha1-kHSXoOYqQrEGzhbiec9XiISOjnk=",
      "license": "MIT",
      "dependencies": {
        "ajv": "^8.11.0",
        "ajv-formats": "^2.1.1",
        "fast-uri": "^2.0.0"
      }
    },
    "node_modules/@fastify/error": {
      "version": "3.4.1",
      "resolved": "https://ab-inbev.pkgs.visualstudio.com/GHQ_B2B_Delta/_packaging/admin-portal-shared-services/npm/registry/@fastify/error/-/error-3.4.1.tgz",
      "integrity": "sha1-sUu0ysPdTsYUvsvGQ9FREzGmQlw=",
      "license": "MIT"
    },
    "node_modules/@fastify/fast-json-stringify-compiler": {
      "version": "4.3.0",
      "resolved": "https://ab-inbev.pkgs.visualstudio.com/GHQ_B2B_Delta/_packaging/admin-portal-shared-services/npm/registry/@fastify/fast-json-stringify-compiler/-/fast-json-stringify-compiler-4.3.0.tgz",
      "integrity": "sha1-XfifpNFZLLuHgPeJmDVf60cWRtU=",
      "license": "MIT",
      "dependencies": {
        "fast-json-stringify": "^5.7.0"
      }
    },
    "node_modules/@fastify/merge-json-schemas": {
      "version": "0.1.1",
      "resolved": "https://ab-inbev.pkgs.visualstudio.com/GHQ_B2B_Delta/_packaging/admin-portal-shared-services/npm/registry/@fastify/merge-json-schemas/-/merge-json-schemas-0.1.1.tgz",
      "integrity": "sha1-NVGFe4oXok6MeZ6fUXle2we6oLw=",
      "license": "MIT",
      "dependencies": {
        "fast-deep-equal": "^3.1.3"
      }
    },
    "node_modules/@noble/hashes": {
      "version": "1.5.0",
      "resolved": "https://ab-inbev.pkgs.visualstudio.com/GHQ_B2B_Delta/_packaging/admin-portal-shared-services/npm/registry/@noble/hashes/-/hashes-1.5.0.tgz",
      "integrity": "sha1-q63FyiAzLbKxsqo+SW6a8SE1cLA=",
      "license": "MIT",
      "engines": {
        "node": "^14.21.3 || >=16"
      },
      "funding": {
        "url": "https://paulmillr.com/funding/"
      }
    },
    "node_modules/@paralleldrive/cuid2": {
      "version": "2.2.2",
      "resolved": "https://ab-inbev.pkgs.visualstudio.com/GHQ_B2B_Delta/_packaging/admin-portal-shared-services/npm/registry/@paralleldrive/cuid2/-/cuid2-2.2.2.tgz",
      "integrity": "sha1-f5E2TVO4niycueAujdDxKeg0RV8=",
      "license": "MIT",
      "dependencies": {
        "@noble/hashes": "^1.1.5"
      }
    },
    "node_modules/@types/node": {
      "version": "22.5.5",
      "resolved": "https://ab-inbev.pkgs.visualstudio.com/GHQ_B2B_Delta/_packaging/admin-portal-shared-services/npm/registry/@types/node/-/node-22.5.5.tgz",
      "integrity": "sha1-Uvk53Q9l/FUqStCzkvPEZsxdekQ=",
      "dev": true,
      "license": "MIT",
      "dependencies": {
        "undici-types": "~6.19.2"
      }
    },
    "node_modules/abort-controller": {
      "version": "3.0.0",
      "resolved": "https://ab-inbev.pkgs.visualstudio.com/GHQ_B2B_Delta/_packaging/admin-portal-shared-services/npm/registry/abort-controller/-/abort-controller-3.0.0.tgz",
      "integrity": "sha1-6vVNU7YrrkE46AnKIlyEOabvs5I=",
      "license": "MIT",
      "dependencies": {
        "event-target-shim": "^5.0.0"
      },
      "engines": {
        "node": ">=6.5"
      }
    },
    "node_modules/abstract-logging": {
      "version": "2.0.1",
      "resolved": "https://ab-inbev.pkgs.visualstudio.com/GHQ_B2B_Delta/_packaging/admin-portal-shared-services/npm/registry/abstract-logging/-/abstract-logging-2.0.1.tgz",
      "integrity": "sha1-aww3HfIS23EptX0uf88oK4vxyDk=",
      "license": "MIT"
    },
    "node_modules/ajv": {
      "version": "8.17.1",
      "resolved": "https://ab-inbev.pkgs.visualstudio.com/GHQ_B2B_Delta/_packaging/admin-portal-shared-services/npm/registry/ajv/-/ajv-8.17.1.tgz",
      "integrity": "sha1-N9mlx3ava8ktf0+VEOukwKYNEaY=",
      "license": "MIT",
      "dependencies": {
        "fast-deep-equal": "^3.1.3",
        "fast-uri": "^3.0.1",
        "json-schema-traverse": "^1.0.0",
        "require-from-string": "^2.0.2"
      },
      "funding": {
        "type": "github",
        "url": "https://github.com/sponsors/epoberezkin"
      }
    },
    "node_modules/ajv-formats": {
      "version": "2.1.1",
      "resolved": "https://ab-inbev.pkgs.visualstudio.com/GHQ_B2B_Delta/_packaging/admin-portal-shared-services/npm/registry/ajv-formats/-/ajv-formats-2.1.1.tgz",
      "integrity": "sha1-bmaUAGWet0lzu/LjMycYCgmWtSA=",
      "license": "MIT",
      "dependencies": {
        "ajv": "^8.0.0"
      },
      "peerDependencies": {
        "ajv": "^8.0.0"
      },
      "peerDependenciesMeta": {
        "ajv": {
          "optional": true
        }
      }
    },
    "node_modules/ajv/node_modules/fast-uri": {
      "version": "3.0.1",
      "resolved": "https://ab-inbev.pkgs.visualstudio.com/GHQ_B2B_Delta/_packaging/admin-portal-shared-services/npm/registry/fast-uri/-/fast-uri-3.0.1.tgz",
      "integrity": "sha1-zd0u7PyDpxwb4swu8gYTMb6KcTQ=",
      "license": "MIT"
    },
    "node_modules/atomic-sleep": {
      "version": "1.0.0",
      "resolved": "https://ab-inbev.pkgs.visualstudio.com/GHQ_B2B_Delta/_packaging/admin-portal-shared-services/npm/registry/atomic-sleep/-/atomic-sleep-1.0.0.tgz",
      "integrity": "sha1-64W3emAfyTLP5DLFrNNkqeLJB1s=",
      "license": "MIT",
      "engines": {
        "node": ">=8.0.0"
      }
    },
    "node_modules/avvio": {
      "version": "8.4.0",
      "resolved": "https://ab-inbev.pkgs.visualstudio.com/GHQ_B2B_Delta/_packaging/admin-portal-shared-services/npm/registry/avvio/-/avvio-8.4.0.tgz",
      "integrity": "sha1-fL1bynTwye/6lEztYB+U/9ivxe0=",
      "license": "MIT",
      "dependencies": {
        "@fastify/error": "^3.3.0",
        "fastq": "^1.17.1"
      }
    },
    "node_modules/base64-js": {
      "version": "1.5.1",
      "resolved": "https://ab-inbev.pkgs.visualstudio.com/GHQ_B2B_Delta/_packaging/admin-portal-shared-services/npm/registry/base64-js/-/base64-js-1.5.1.tgz",
      "integrity": "sha1-GxtEAWClv3rUC2UPCVljSBkDkwo=",
      "funding": [
        {
          "type": "github",
          "url": "https://github.com/sponsors/feross"
        },
        {
          "type": "patreon",
          "url": "https://www.patreon.com/feross"
        },
        {
          "type": "consulting",
          "url": "https://feross.org/support"
        }
      ],
      "license": "MIT"
    },
    "node_modules/buffer": {
      "version": "6.0.3",
      "resolved": "https://ab-inbev.pkgs.visualstudio.com/GHQ_B2B_Delta/_packaging/admin-portal-shared-services/npm/registry/buffer/-/buffer-6.0.3.tgz",
      "integrity": "sha1-Ks5XhFnMj74qcKqo9S7mO2p0xsY=",
      "funding": [
        {
          "type": "github",
          "url": "https://github.com/sponsors/feross"
        },
        {
          "type": "patreon",
          "url": "https://www.patreon.com/feross"
        },
        {
          "type": "consulting",
          "url": "https://feross.org/support"
        }
      ],
      "license": "MIT",
      "dependencies": {
        "base64-js": "^1.3.1",
        "ieee754": "^1.2.1"
      }
    },
    "node_modules/buffer-from": {
      "version": "1.1.2",
      "resolved": "https://ab-inbev.pkgs.visualstudio.com/GHQ_B2B_Delta/_packaging/admin-portal-shared-services/npm/registry/buffer-from/-/buffer-from-1.1.2.tgz",
      "integrity": "sha1-KxRqb9cugLT1XSVfNe1Zo6mkG9U=",
      "dev": true,
      "license": "MIT"
    },
    "node_modules/cookie": {
      "version": "0.6.0",
      "resolved": "https://ab-inbev.pkgs.visualstudio.com/GHQ_B2B_Delta/_packaging/admin-portal-shared-services/npm/registry/cookie/-/cookie-0.6.0.tgz",
      "integrity": "sha1-J5iwSwcbDsv/DbtipQWo76ThkFE=",
      "license": "MIT",
      "engines": {
        "node": ">= 0.6"
      }
    },
    "node_modules/dayjs": {
      "version": "1.11.13",
      "resolved": "https://ab-inbev.pkgs.visualstudio.com/GHQ_B2B_Delta/_packaging/admin-portal-shared-services/npm/registry/dayjs/-/dayjs-1.11.13.tgz",
      "integrity": "sha1-kkMLATkFXD67YBUKoT6GCktaNmw=",
      "license": "MIT"
    },
    "node_modules/days": {
      "version": "1.1.1",
      "resolved": "https://ab-inbev.pkgs.visualstudio.com/GHQ_B2B_Delta/_packaging/admin-portal-shared-services/npm/registry/days/-/days-1.1.1.tgz",
      "integrity": "sha1-sDnR5a1TNcpolAGFVUbwLUz8s2I=",
      "license": "MIT",
      "engines": {
        "node": ">=0.10.0"
      }
    },
    "node_modules/debug": {
      "version": "4.3.7",
      "resolved": "https://ab-inbev.pkgs.visualstudio.com/GHQ_B2B_Delta/_packaging/admin-portal-shared-services/npm/registry/debug/-/debug-4.3.7.tgz",
      "integrity": "sha1-h5RbQVGgEddtlaGY1xEchlw2ClI=",
      "dev": true,
      "license": "MIT",
      "dependencies": {
        "ms": "^2.1.3"
      },
      "engines": {
        "node": ">=6.0"
      },
      "peerDependenciesMeta": {
        "supports-color": {
          "optional": true
        }
      }
    },
    "node_modules/drizzle-kit": {
      "version": "0.24.2",
      "resolved": "https://ab-inbev.pkgs.visualstudio.com/GHQ_B2B_Delta/_packaging/admin-portal-shared-services/npm/registry/drizzle-kit/-/drizzle-kit-0.24.2.tgz",
      "integrity": "sha1-kopWpqK+wcVyUyH1WexR3FqUNBI=",
      "dev": true,
      "license": "MIT",
      "dependencies": {
        "@drizzle-team/brocli": "^0.10.1",
        "@esbuild-kit/esm-loader": "^2.5.5",
        "esbuild": "^0.19.7",
        "esbuild-register": "^3.5.0"
      },
      "bin": {
        "drizzle-kit": "bin.cjs"
      }
    },
    "node_modules/drizzle-orm": {
      "version": "0.33.0",
      "resolved": "https://ab-inbev.pkgs.visualstudio.com/GHQ_B2B_Delta/_packaging/admin-portal-shared-services/npm/registry/drizzle-orm/-/drizzle-orm-0.33.0.tgz",
      "integrity": "sha1-7OgePoX3VZtffAH8CeZU6aLwh/4=",
      "license": "Apache-2.0",
      "peerDependencies": {
        "@aws-sdk/client-rds-data": ">=3",
        "@cloudflare/workers-types": ">=3",
        "@electric-sql/pglite": ">=0.1.1",
        "@libsql/client": "*",
        "@neondatabase/serverless": ">=0.1",
        "@op-engineering/op-sqlite": ">=2",
        "@opentelemetry/api": "^1.4.1",
        "@planetscale/database": ">=1",
        "@prisma/client": "*",
        "@tidbcloud/serverless": "*",
        "@types/better-sqlite3": "*",
        "@types/pg": "*",
        "@types/react": ">=18",
        "@types/sql.js": "*",
        "@vercel/postgres": ">=0.8.0",
        "@xata.io/client": "*",
        "better-sqlite3": ">=7",
        "bun-types": "*",
        "expo-sqlite": ">=13.2.0",
        "knex": "*",
        "kysely": "*",
        "mysql2": ">=2",
        "pg": ">=8",
        "postgres": ">=3",
        "react": ">=18",
        "sql.js": ">=1",
        "sqlite3": ">=5"
      },
      "peerDependenciesMeta": {
        "@aws-sdk/client-rds-data": {
          "optional": true
        },
        "@cloudflare/workers-types": {
          "optional": true
        },
        "@electric-sql/pglite": {
          "optional": true
        },
        "@libsql/client": {
          "optional": true
        },
        "@neondatabase/serverless": {
          "optional": true
        },
        "@op-engineering/op-sqlite": {
          "optional": true
        },
        "@opentelemetry/api": {
          "optional": true
        },
        "@planetscale/database": {
          "optional": true
        },
        "@prisma/client": {
          "optional": true
        },
        "@tidbcloud/serverless": {
          "optional": true
        },
        "@types/better-sqlite3": {
          "optional": true
        },
        "@types/pg": {
          "optional": true
        },
        "@types/react": {
          "optional": true
        },
        "@types/sql.js": {
          "optional": true
        },
        "@vercel/postgres": {
          "optional": true
        },
        "@xata.io/client": {
          "optional": true
        },
        "better-sqlite3": {
          "optional": true
        },
        "bun-types": {
          "optional": true
        },
        "expo-sqlite": {
          "optional": true
        },
        "knex": {
          "optional": true
        },
        "kysely": {
          "optional": true
        },
        "mysql2": {
          "optional": true
        },
        "pg": {
          "optional": true
        },
        "postgres": {
          "optional": true
        },
        "prisma": {
          "optional": true
        },
        "react": {
          "optional": true
        },
        "sql.js": {
          "optional": true
        },
        "sqlite3": {
          "optional": true
        }
      }
    },
    "node_modules/esbuild": {
      "version": "0.19.12",
      "resolved": "https://ab-inbev.pkgs.visualstudio.com/GHQ_B2B_Delta/_packaging/admin-portal-shared-services/npm/registry/esbuild/-/esbuild-0.19.12.tgz",
      "integrity": "sha1-3ILuXceegvWlw7QyOipkGCfbPgQ=",
      "dev": true,
      "hasInstallScript": true,
      "license": "MIT",
      "bin": {
        "esbuild": "bin/esbuild"
      },
      "engines": {
        "node": ">=12"
      },
      "optionalDependencies": {
        "@esbuild/aix-ppc64": "0.19.12",
        "@esbuild/android-arm": "0.19.12",
        "@esbuild/android-arm64": "0.19.12",
        "@esbuild/android-x64": "0.19.12",
        "@esbuild/darwin-arm64": "0.19.12",
        "@esbuild/darwin-x64": "0.19.12",
        "@esbuild/freebsd-arm64": "0.19.12",
        "@esbuild/freebsd-x64": "0.19.12",
        "@esbuild/linux-arm": "0.19.12",
        "@esbuild/linux-arm64": "0.19.12",
        "@esbuild/linux-ia32": "0.19.12",
        "@esbuild/linux-loong64": "0.19.12",
        "@esbuild/linux-mips64el": "0.19.12",
        "@esbuild/linux-ppc64": "0.19.12",
        "@esbuild/linux-riscv64": "0.19.12",
        "@esbuild/linux-s390x": "0.19.12",
        "@esbuild/linux-x64": "0.19.12",
        "@esbuild/netbsd-x64": "0.19.12",
        "@esbuild/openbsd-x64": "0.19.12",
        "@esbuild/sunos-x64": "0.19.12",
        "@esbuild/win32-arm64": "0.19.12",
        "@esbuild/win32-ia32": "0.19.12",
        "@esbuild/win32-x64": "0.19.12"
      }
    },
    "node_modules/esbuild-register": {
      "version": "3.6.0",
      "resolved": "https://ab-inbev.pkgs.visualstudio.com/GHQ_B2B_Delta/_packaging/admin-portal-shared-services/npm/registry/esbuild-register/-/esbuild-register-3.6.0.tgz",
      "integrity": "sha1-zycM+md7rrvAAQrAJLgjy/cjo20=",
      "dev": true,
      "license": "MIT",
      "dependencies": {
        "debug": "^4.3.4"
      },
      "peerDependencies": {
        "esbuild": ">=0.12 <1"
      }
    },
    "node_modules/event-target-shim": {
      "version": "5.0.1",
      "resolved": "https://ab-inbev.pkgs.visualstudio.com/GHQ_B2B_Delta/_packaging/admin-portal-shared-services/npm/registry/event-target-shim/-/event-target-shim-5.0.1.tgz",
      "integrity": "sha1-XU0+vflYPWOlMzzi3rdICrKwV4k=",
      "license": "MIT",
      "engines": {
        "node": ">=6"
      }
    },
    "node_modules/events": {
      "version": "3.3.0",
      "resolved": "https://ab-inbev.pkgs.visualstudio.com/GHQ_B2B_Delta/_packaging/admin-portal-shared-services/npm/registry/events/-/events-3.3.0.tgz",
      "integrity": "sha1-Mala0Kkk4tLEGagTrrLE6HjqdAA=",
      "license": "MIT",
      "engines": {
        "node": ">=0.8.x"
      }
    },
    "node_modules/fast-content-type-parse": {
      "version": "1.1.0",
      "resolved": "https://ab-inbev.pkgs.visualstudio.com/GHQ_B2B_Delta/_packaging/admin-portal-shared-services/npm/registry/fast-content-type-parse/-/fast-content-type-parse-1.1.0.tgz",
      "integrity": "sha1-QIcWK/WvMpTUcm/ymzNPcuOhCSw=",
      "license": "MIT"
    },
    "node_modules/fast-decode-uri-component": {
      "version": "1.0.1",
      "resolved": "https://ab-inbev.pkgs.visualstudio.com/GHQ_B2B_Delta/_packaging/admin-portal-shared-services/npm/registry/fast-decode-uri-component/-/fast-decode-uri-component-1.0.1.tgz",
      "integrity": "sha1-Rvi2wisw/3qBNX1PWav66TggJUM=",
      "license": "MIT"
    },
    "node_modules/fast-deep-equal": {
      "version": "3.1.3",
      "resolved": "https://ab-inbev.pkgs.visualstudio.com/GHQ_B2B_Delta/_packaging/admin-portal-shared-services/npm/registry/fast-deep-equal/-/fast-deep-equal-3.1.3.tgz",
      "integrity": "sha1-On1WtVnWy8PrUSMlJE5hmmXGxSU=",
      "license": "MIT"
    },
    "node_modules/fast-json-stringify": {
      "version": "5.16.1",
      "resolved": "https://ab-inbev.pkgs.visualstudio.com/GHQ_B2B_Delta/_packaging/admin-portal-shared-services/npm/registry/fast-json-stringify/-/fast-json-stringify-5.16.1.tgz",
      "integrity": "sha1-ptDFdSMaOgjDdqABcddXNy8spG4=",
      "license": "MIT",
      "dependencies": {
        "@fastify/merge-json-schemas": "^0.1.0",
        "ajv": "^8.10.0",
        "ajv-formats": "^3.0.1",
        "fast-deep-equal": "^3.1.3",
        "fast-uri": "^2.1.0",
        "json-schema-ref-resolver": "^1.0.1",
        "rfdc": "^1.2.0"
      }
    },
    "node_modules/fast-json-stringify/node_modules/ajv-formats": {
      "version": "3.0.1",
      "resolved": "https://ab-inbev.pkgs.visualstudio.com/GHQ_B2B_Delta/_packaging/admin-portal-shared-services/npm/registry/ajv-formats/-/ajv-formats-3.0.1.tgz",
      "integrity": "sha1-PV3HYryhdnnDwup+kK1rdTIwlXg=",
      "license": "MIT",
      "dependencies": {
        "ajv": "^8.0.0"
      },
      "peerDependencies": {
        "ajv": "^8.0.0"
      },
      "peerDependenciesMeta": {
        "ajv": {
          "optional": true
        }
      }
    },
    "node_modules/fast-querystring": {
      "version": "1.1.2",
      "resolved": "https://ab-inbev.pkgs.visualstudio.com/GHQ_B2B_Delta/_packaging/admin-portal-shared-services/npm/registry/fast-querystring/-/fast-querystring-1.1.2.tgz",
      "integrity": "sha1-ptJJN7T8b3kbTuMdy29Trq+4n1M=",
      "license": "MIT",
      "dependencies": {
        "fast-decode-uri-component": "^1.0.1"
      }
    },
    "node_modules/fast-redact": {
      "version": "3.5.0",
      "resolved": "https://ab-inbev.pkgs.visualstudio.com/GHQ_B2B_Delta/_packaging/admin-portal-shared-services/npm/registry/fast-redact/-/fast-redact-3.5.0.tgz",
      "integrity": "sha1-6eoC9+V9DNhDgYAIPpMHfkliheQ=",
      "license": "MIT",
      "engines": {
        "node": ">=6"
      }
    },
    "node_modules/fast-uri": {
      "version": "2.4.0",
      "resolved": "https://ab-inbev.pkgs.visualstudio.com/GHQ_B2B_Delta/_packaging/admin-portal-shared-services/npm/registry/fast-uri/-/fast-uri-2.4.0.tgz",
      "integrity": "sha1-Z+rm+76fJTOdXT9MQjR4e2XX1V4=",
      "license": "MIT"
    },
    "node_modules/fastify": {
      "version": "4.28.1",
      "resolved": "https://ab-inbev.pkgs.visualstudio.com/GHQ_B2B_Delta/_packaging/admin-portal-shared-services/npm/registry/fastify/-/fastify-4.28.1.tgz",
      "integrity": "sha1-OWJt7fRF1wLvA4GNozBkRAtGnNE=",
      "funding": [
        {
          "type": "github",
          "url": "https://github.com/sponsors/fastify"
        },
        {
          "type": "opencollective",
          "url": "https://opencollective.com/fastify"
        }
      ],
      "license": "MIT",
      "dependencies": {
        "@fastify/ajv-compiler": "^3.5.0",
        "@fastify/error": "^3.4.0",
        "@fastify/fast-json-stringify-compiler": "^4.3.0",
        "abstract-logging": "^2.0.1",
        "avvio": "^8.3.0",
        "fast-content-type-parse": "^1.1.0",
        "fast-json-stringify": "^5.8.0",
        "find-my-way": "^8.0.0",
        "light-my-request": "^5.11.0",
        "pino": "^9.0.0",
        "process-warning": "^3.0.0",
        "proxy-addr": "^2.0.7",
        "rfdc": "^1.3.0",
        "secure-json-parse": "^2.7.0",
        "semver": "^7.5.4",
        "toad-cache": "^3.3.0"
      }
    },
    "node_modules/fastify-type-provider-zod": {
      "version": "2.0.0",
      "resolved": "https://ab-inbev.pkgs.visualstudio.com/GHQ_B2B_Delta/_packaging/admin-portal-shared-services/npm/registry/fastify-type-provider-zod/-/fastify-type-provider-zod-2.0.0.tgz",
      "integrity": "sha1-OjWdSnMVVDOuGt19GtKmnk7GM5o=",
      "license": "MIT",
      "dependencies": {
        "zod-to-json-schema": "^3.23.0"
      },
      "peerDependencies": {
        "fastify": "^4.0.0",
        "zod": "^3.14.2"
      }
    },
    "node_modules/fastq": {
      "version": "1.17.1",
      "resolved": "https://ab-inbev.pkgs.visualstudio.com/GHQ_B2B_Delta/_packaging/admin-portal-shared-services/npm/registry/fastq/-/fastq-1.17.1.tgz",
      "integrity": "sha1-KlI/B6TnsegaQrkbi/IlQQd1O0c=",
      "license": "ISC",
      "dependencies": {
        "reusify": "^1.0.4"
      }
    },
    "node_modules/find-my-way": {
      "version": "8.2.0",
      "resolved": "https://ab-inbev.pkgs.visualstudio.com/GHQ_B2B_Delta/_packaging/admin-portal-shared-services/npm/registry/find-my-way/-/find-my-way-8.2.0.tgz",
      "integrity": "sha1-7xuD0AgRSjABGMnHB9jcZZR9mWA=",
      "license": "MIT",
      "dependencies": {
        "fast-deep-equal": "^3.1.3",
        "fast-querystring": "^1.0.0",
        "safe-regex2": "^3.1.0"
      },
      "engines": {
        "node": ">=14"
      }
    },
    "node_modules/forwarded": {
      "version": "0.2.0",
      "resolved": "https://ab-inbev.pkgs.visualstudio.com/GHQ_B2B_Delta/_packaging/admin-portal-shared-services/npm/registry/forwarded/-/forwarded-0.2.0.tgz",
      "integrity": "sha1-ImmTZCiq1MFcfr6XeahL8LKoGBE=",
      "license": "MIT",
      "engines": {
        "node": ">= 0.6"
      }
    },
    "node_modules/fsevents": {
      "version": "2.3.3",
      "resolved": "https://ab-inbev.pkgs.visualstudio.com/GHQ_B2B_Delta/_packaging/admin-portal-shared-services/npm/registry/fsevents/-/fsevents-2.3.3.tgz",
      "integrity": "sha1-ysZAd4XQNnWipeGlMFxpezR9kNY=",
      "dev": true,
      "license": "MIT",
      "optional": true,
      "os": [
        "darwin"
      ],
      "engines": {
        "node": "^8.16.0 || ^10.6.0 || >=11.0.0"
      }
    },
    "node_modules/get-tsconfig": {
      "version": "4.8.1",
      "resolved": "https://ab-inbev.pkgs.visualstudio.com/GHQ_B2B_Delta/_packaging/admin-portal-shared-services/npm/registry/get-tsconfig/-/get-tsconfig-4.8.1.tgz",
      "integrity": "sha1-iZXrORrm4WONJREYx7Vt5+tCVHE=",
      "dev": true,
      "license": "MIT",
      "dependencies": {
        "resolve-pkg-maps": "^1.0.0"
      },
      "funding": {
        "url": "https://github.com/privatenumber/get-tsconfig?sponsor=1"
      }
    },
    "node_modules/ieee754": {
      "version": "1.2.1",
      "resolved": "https://ab-inbev.pkgs.visualstudio.com/GHQ_B2B_Delta/_packaging/admin-portal-shared-services/npm/registry/ieee754/-/ieee754-1.2.1.tgz",
      "integrity": "sha1-jrehCmP/8l0VpXsAFYbRd9Gw01I=",
      "funding": [
        {
          "type": "github",
          "url": "https://github.com/sponsors/feross"
        },
        {
          "type": "patreon",
          "url": "https://www.patreon.com/feross"
        },
        {
          "type": "consulting",
          "url": "https://feross.org/support"
        }
      ],
      "license": "BSD-3-Clause"
    },
    "node_modules/ipaddr.js": {
      "version": "1.9.1",
      "resolved": "https://ab-inbev.pkgs.visualstudio.com/GHQ_B2B_Delta/_packaging/admin-portal-shared-services/npm/registry/ipaddr.js/-/ipaddr.js-1.9.1.tgz",
      "integrity": "sha1-v/OFQ+64mEglB5/zoqjmy9RngbM=",
      "license": "MIT",
      "engines": {
        "node": ">= 0.10"
      }
    },
    "node_modules/json-schema-ref-resolver": {
      "version": "1.0.1",
      "resolved": "https://ab-inbev.pkgs.visualstudio.com/GHQ_B2B_Delta/_packaging/admin-portal-shared-services/npm/registry/json-schema-ref-resolver/-/json-schema-ref-resolver-1.0.1.tgz",
      "integrity": "sha1-ZYb0g7diVHhPwdISD3F73J8Kmb8=",
      "license": "MIT",
      "dependencies": {
        "fast-deep-equal": "^3.1.3"
      }
    },
    "node_modules/json-schema-traverse": {
      "version": "1.0.0",
      "resolved": "https://ab-inbev.pkgs.visualstudio.com/GHQ_B2B_Delta/_packaging/admin-portal-shared-services/npm/registry/json-schema-traverse/-/json-schema-traverse-1.0.0.tgz",
      "integrity": "sha1-rnvLNlard6c7pcSb9lTzjmtoYOI=",
      "license": "MIT"
    },
    "node_modules/light-my-request": {
      "version": "5.13.0",
      "resolved": "https://ab-inbev.pkgs.visualstudio.com/GHQ_B2B_Delta/_packaging/admin-portal-shared-services/npm/registry/light-my-request/-/light-my-request-5.13.0.tgz",
      "integrity": "sha1-spkF5V6GBbd/7iqUbheyGbyjURM=",
      "license": "BSD-3-Clause",
      "dependencies": {
        "cookie": "^0.6.0",
        "process-warning": "^3.0.0",
        "set-cookie-parser": "^2.4.1"
      }
    },
    "node_modules/ms": {
      "version": "2.1.3",
      "resolved": "https://ab-inbev.pkgs.visualstudio.com/GHQ_B2B_Delta/_packaging/admin-portal-shared-services/npm/registry/ms/-/ms-2.1.3.tgz",
      "integrity": "sha1-V0yBOM4dK1hh8LRFedut1gxmFbI=",
      "dev": true,
      "license": "MIT"
    },
    "node_modules/on-exit-leak-free": {
      "version": "2.1.2",
      "resolved": "https://ab-inbev.pkgs.visualstudio.com/GHQ_B2B_Delta/_packaging/admin-portal-shared-services/npm/registry/on-exit-leak-free/-/on-exit-leak-free-2.1.2.tgz",
      "integrity": "sha1-/tGVyevdt9nkw4Qvk/KBrI2t07g=",
      "license": "MIT",
      "engines": {
        "node": ">=14.0.0"
      }
    },
    "node_modules/pino": {
      "version": "9.4.0",
      "resolved": "https://ab-inbev.pkgs.visualstudio.com/GHQ_B2B_Delta/_packaging/admin-portal-shared-services/npm/registry/pino/-/pino-9.4.0.tgz",
      "integrity": "sha1-5GAP8Znvx0SFals7ccU+OJmOrlo=",
      "license": "MIT",
      "dependencies": {
        "atomic-sleep": "^1.0.0",
        "fast-redact": "^3.1.1",
        "on-exit-leak-free": "^2.1.0",
        "pino-abstract-transport": "^1.2.0",
        "pino-std-serializers": "^7.0.0",
        "process-warning": "^4.0.0",
        "quick-format-unescaped": "^4.0.3",
        "real-require": "^0.2.0",
        "safe-stable-stringify": "^2.3.1",
        "sonic-boom": "^4.0.1",
        "thread-stream": "^3.0.0"
      },
      "bin": {
        "pino": "bin.js"
      }
    },
    "node_modules/pino-abstract-transport": {
      "version": "1.2.0",
      "resolved": "https://ab-inbev.pkgs.visualstudio.com/GHQ_B2B_Delta/_packaging/admin-portal-shared-services/npm/registry/pino-abstract-transport/-/pino-abstract-transport-1.2.0.tgz",
      "integrity": "sha1-l/nyYxkx4kLaUxtcZtMHnBLJ0bU=",
      "license": "MIT",
      "dependencies": {
        "readable-stream": "^4.0.0",
        "split2": "^4.0.0"
      }
    },
    "node_modules/pino-std-serializers": {
      "version": "7.0.0",
      "resolved": "https://ab-inbev.pkgs.visualstudio.com/GHQ_B2B_Delta/_packaging/admin-portal-shared-services/npm/registry/pino-std-serializers/-/pino-std-serializers-7.0.0.tgz",
      "integrity": "sha1-fGJQOLE3GNu9hKtEa9Zz3FIlnjs=",
      "license": "MIT"
    },
    "node_modules/pino/node_modules/process-warning": {
      "version": "4.0.0",
      "resolved": "https://ab-inbev.pkgs.visualstudio.com/GHQ_B2B_Delta/_packaging/admin-portal-shared-services/npm/registry/process-warning/-/process-warning-4.0.0.tgz",
      "integrity": "sha1-WB46eh+0VsX0/SOfdrznWJdoLVo=",
      "license": "MIT"
    },
    "node_modules/postgres": {
      "version": "3.4.4",
      "resolved": "https://ab-inbev.pkgs.visualstudio.com/GHQ_B2B_Delta/_packaging/admin-portal-shared-services/npm/registry/postgres/-/postgres-3.4.4.tgz",
      "integrity": "sha1-rb4I3B//Deo1WapPg97XCiiabLg=",
      "license": "Unlicense",
      "engines": {
        "node": ">=12"
      },
      "funding": {
        "type": "individual",
        "url": "https://github.com/sponsors/porsager"
      }
    },
    "node_modules/process": {
      "version": "0.11.10",
      "resolved": "https://ab-inbev.pkgs.visualstudio.com/GHQ_B2B_Delta/_packaging/admin-portal-shared-services/npm/registry/process/-/process-0.11.10.tgz",
      "integrity": "sha1-czIwDoQBYb2j5podHZGn1LwW8YI=",
      "license": "MIT",
      "engines": {
        "node": ">= 0.6.0"
      }
    },
    "node_modules/process-warning": {
      "version": "3.0.0",
      "resolved": "https://ab-inbev.pkgs.visualstudio.com/GHQ_B2B_Delta/_packaging/admin-portal-shared-services/npm/registry/process-warning/-/process-warning-3.0.0.tgz",
      "integrity": "sha1-luW4iIQYeh3Ob1wxZtYREyBYcQs=",
      "license": "MIT"
    },
    "node_modules/proxy-addr": {
      "version": "2.0.7",
      "resolved": "https://ab-inbev.pkgs.visualstudio.com/GHQ_B2B_Delta/_packaging/admin-portal-shared-services/npm/registry/proxy-addr/-/proxy-addr-2.0.7.tgz",
      "integrity": "sha1-8Z/mnOqzEe65S0LnDowgcPm6ECU=",
      "license": "MIT",
      "dependencies": {
        "forwarded": "0.2.0",
        "ipaddr.js": "1.9.1"
      },
      "engines": {
        "node": ">= 0.10"
      }
    },
    "node_modules/quick-format-unescaped": {
      "version": "4.0.4",
      "resolved": "https://ab-inbev.pkgs.visualstudio.com/GHQ_B2B_Delta/_packaging/admin-portal-shared-services/npm/registry/quick-format-unescaped/-/quick-format-unescaped-4.0.4.tgz",
      "integrity": "sha1-k+9t2NNFPLx5cN1hT61MWVTWtac=",
      "license": "MIT"
    },
    "node_modules/readable-stream": {
      "version": "4.5.2",
      "resolved": "https://ab-inbev.pkgs.visualstudio.com/GHQ_B2B_Delta/_packaging/admin-portal-shared-services/npm/registry/readable-stream/-/readable-stream-4.5.2.tgz",
      "integrity": "sha1-nn/ExFCZuu7ZNL/265e6bPJyngk=",
      "license": "MIT",
      "dependencies": {
        "abort-controller": "^3.0.0",
        "buffer": "^6.0.3",
        "events": "^3.3.0",
        "process": "^0.11.10",
        "string_decoder": "^1.3.0"
      },
      "engines": {
        "node": "^12.22.0 || ^14.17.0 || >=16.0.0"
      }
    },
    "node_modules/real-require": {
      "version": "0.2.0",
      "resolved": "https://ab-inbev.pkgs.visualstudio.com/GHQ_B2B_Delta/_packaging/admin-portal-shared-services/npm/registry/real-require/-/real-require-0.2.0.tgz",
      "integrity": "sha1-IJYy3qGBC+KuBjpqwIT+5+M/ung=",
      "license": "MIT",
      "engines": {
        "node": ">= 12.13.0"
      }
    },
    "node_modules/require-from-string": {
      "version": "2.0.2",
      "resolved": "https://ab-inbev.pkgs.visualstudio.com/GHQ_B2B_Delta/_packaging/admin-portal-shared-services/npm/registry/require-from-string/-/require-from-string-2.0.2.tgz",
      "integrity": "sha1-iaf92TgmEmcxjq/hT5wy5ZjDaQk=",
      "license": "MIT",
      "engines": {
        "node": ">=0.10.0"
      }
    },
    "node_modules/resolve-pkg-maps": {
      "version": "1.0.0",
      "resolved": "https://ab-inbev.pkgs.visualstudio.com/GHQ_B2B_Delta/_packaging/admin-portal-shared-services/npm/registry/resolve-pkg-maps/-/resolve-pkg-maps-1.0.0.tgz",
      "integrity": "sha1-YWs9wsVwVrVYjDHN9LPWTbEzcg8=",
      "dev": true,
      "license": "MIT",
      "funding": {
        "url": "https://github.com/privatenumber/resolve-pkg-maps?sponsor=1"
      }
    },
    "node_modules/ret": {
      "version": "0.4.3",
      "resolved": "https://ab-inbev.pkgs.visualstudio.com/GHQ_B2B_Delta/_packaging/admin-portal-shared-services/npm/registry/ret/-/ret-0.4.3.tgz",
      "integrity": "sha1-UkP6MOcEoueKm5sehgeeFYkaqFw=",
      "license": "MIT",
      "engines": {
        "node": ">=10"
      }
    },
    "node_modules/reusify": {
      "version": "1.0.4",
      "resolved": "https://ab-inbev.pkgs.visualstudio.com/GHQ_B2B_Delta/_packaging/admin-portal-shared-services/npm/registry/reusify/-/reusify-1.0.4.tgz",
      "integrity": "sha1-kNo4Kx4SbvwCFG6QhFqI2xKSXXY=",
      "license": "MIT",
      "engines": {
        "iojs": ">=1.0.0",
        "node": ">=0.10.0"
      }
    },
    "node_modules/rfdc": {
      "version": "1.4.1",
      "resolved": "https://ab-inbev.pkgs.visualstudio.com/GHQ_B2B_Delta/_packaging/admin-portal-shared-services/npm/registry/rfdc/-/rfdc-1.4.1.tgz",
      "integrity": "sha1-d492xPtzHZNBTo+SX77PZMzn9so=",
      "license": "MIT"
    },
    "node_modules/safe-buffer": {
      "version": "5.2.1",
      "resolved": "https://ab-inbev.pkgs.visualstudio.com/GHQ_B2B_Delta/_packaging/admin-portal-shared-services/npm/registry/safe-buffer/-/safe-buffer-5.2.1.tgz",
      "integrity": "sha1-Hq+fqb2x/dTsdfWPnNtOa3gn7sY=",
      "funding": [
        {
          "type": "github",
          "url": "https://github.com/sponsors/feross"
        },
        {
          "type": "patreon",
          "url": "https://www.patreon.com/feross"
        },
        {
          "type": "consulting",
          "url": "https://feross.org/support"
        }
      ],
      "license": "MIT"
    },
    "node_modules/safe-regex2": {
      "version": "3.1.0",
      "resolved": "https://ab-inbev.pkgs.visualstudio.com/GHQ_B2B_Delta/_packaging/admin-portal-shared-services/npm/registry/safe-regex2/-/safe-regex2-3.1.0.tgz",
      "integrity": "sha1-/X7COQjixzDhznNZpbcog6h9J2M=",
      "license": "MIT",
      "dependencies": {
        "ret": "~0.4.0"
      }
    },
    "node_modules/safe-stable-stringify": {
      "version": "2.5.0",
      "resolved": "https://ab-inbev.pkgs.visualstudio.com/GHQ_B2B_Delta/_packaging/admin-portal-shared-services/npm/registry/safe-stable-stringify/-/safe-stable-stringify-2.5.0.tgz",
      "integrity": "sha1-TKL444XygxxDKnGbEIo7969Cod0=",
      "license": "MIT",
      "engines": {
        "node": ">=10"
      }
    },
    "node_modules/secure-json-parse": {
      "version": "2.7.0",
      "resolved": "https://ab-inbev.pkgs.visualstudio.com/GHQ_B2B_Delta/_packaging/admin-portal-shared-services/npm/registry/secure-json-parse/-/secure-json-parse-2.7.0.tgz",
      "integrity": "sha1-Wl+c1q5H3yPboxUe3QaFXUfgmGI=",
      "license": "BSD-3-Clause"
    },
    "node_modules/semver": {
      "version": "7.6.3",
      "resolved": "https://ab-inbev.pkgs.visualstudio.com/GHQ_B2B_Delta/_packaging/admin-portal-shared-services/npm/registry/semver/-/semver-7.6.3.tgz",
      "integrity": "sha1-mA97VVC8F1+03AlAMIVif56zMUM=",
      "license": "ISC",
      "bin": {
        "semver": "bin/semver.js"
      },
      "engines": {
        "node": ">=10"
      }
    },
    "node_modules/set-cookie-parser": {
      "version": "2.7.0",
      "resolved": "https://ab-inbev.pkgs.visualstudio.com/GHQ_B2B_Delta/_packaging/admin-portal-shared-services/npm/registry/set-cookie-parser/-/set-cookie-parser-2.7.0.tgz",
      "integrity": "sha1-71VStW3AG6rhAqy1/J+4zQYMMPk=",
      "license": "MIT"
    },
    "node_modules/sonic-boom": {
      "version": "4.1.0",
      "resolved": "https://ab-inbev.pkgs.visualstudio.com/GHQ_B2B_Delta/_packaging/admin-portal-shared-services/npm/registry/sonic-boom/-/sonic-boom-4.1.0.tgz",
      "integrity": "sha1-TwOWY7oZH6xc/k8dwzD6rAeeQ0I=",
      "license": "MIT",
      "dependencies": {
        "atomic-sleep": "^1.0.0"
      }
    },
    "node_modules/source-map": {
      "version": "0.6.1",
      "resolved": "https://ab-inbev.pkgs.visualstudio.com/GHQ_B2B_Delta/_packaging/admin-portal-shared-services/npm/registry/source-map/-/source-map-0.6.1.tgz",
      "integrity": "sha1-dHIq8y6WFOnCh6jQu95IteLxomM=",
      "dev": true,
      "license": "BSD-3-Clause",
      "engines": {
        "node": ">=0.10.0"
      }
    },
    "node_modules/source-map-support": {
      "version": "0.5.21",
      "resolved": "https://ab-inbev.pkgs.visualstudio.com/GHQ_B2B_Delta/_packaging/admin-portal-shared-services/npm/registry/source-map-support/-/source-map-support-0.5.21.tgz",
      "integrity": "sha1-BP58f54e0tZiIzwoyys1ufY/bk8=",
      "dev": true,
      "license": "MIT",
      "dependencies": {
        "buffer-from": "^1.0.0",
        "source-map": "^0.6.0"
      }
    },
    "node_modules/split2": {
      "version": "4.2.0",
      "resolved": "https://ab-inbev.pkgs.visualstudio.com/GHQ_B2B_Delta/_packaging/admin-portal-shared-services/npm/registry/split2/-/split2-4.2.0.tgz",
      "integrity": "sha1-ycWSCQTRSLqwufZxRfJFqGqtv6Q=",
      "license": "ISC",
      "engines": {
        "node": ">= 10.x"
      }
    },
    "node_modules/string_decoder": {
      "version": "1.3.0",
      "resolved": "https://ab-inbev.pkgs.visualstudio.com/GHQ_B2B_Delta/_packaging/admin-portal-shared-services/npm/registry/string_decoder/-/string_decoder-1.3.0.tgz",
      "integrity": "sha1-QvEUWUpGzxqOMLCoT1bHjD7awh4=",
      "license": "MIT",
      "dependencies": {
        "safe-buffer": "~5.2.0"
      }
    },
    "node_modules/thread-stream": {
      "version": "3.1.0",
      "resolved": "https://ab-inbev.pkgs.visualstudio.com/GHQ_B2B_Delta/_packaging/admin-portal-shared-services/npm/registry/thread-stream/-/thread-stream-3.1.0.tgz",
      "integrity": "sha1-Sy7yUqfCFQZFB9TvcMBaXi00xPE=",
      "license": "MIT",
      "dependencies": {
        "real-require": "^0.2.0"
      }
    },
    "node_modules/toad-cache": {
      "version": "3.7.0",
      "resolved": "https://ab-inbev.pkgs.visualstudio.com/GHQ_B2B_Delta/_packaging/admin-portal-shared-services/npm/registry/toad-cache/-/toad-cache-3.7.0.tgz",
      "integrity": "sha1-ubYzBOp8Rew02R8dL6UTUXAlxEE=",
      "license": "MIT",
      "engines": {
        "node": ">=12"
      }
    },
    "node_modules/tsx": {
      "version": "4.19.1",
      "resolved": "https://ab-inbev.pkgs.visualstudio.com/GHQ_B2B_Delta/_packaging/admin-portal-shared-services/npm/registry/tsx/-/tsx-4.19.1.tgz",
      "integrity": "sha1-t7/99LVlgT5N6hS5CHKvJ5zQCQs=",
      "dev": true,
      "license": "MIT",
      "dependencies": {
        "esbuild": "~0.23.0",
        "get-tsconfig": "^4.7.5"
      },
      "bin": {
        "tsx": "dist/cli.mjs"
      },
      "engines": {
        "node": ">=18.0.0"
      },
      "optionalDependencies": {
        "fsevents": "~2.3.3"
      }
    },
    "node_modules/tsx/node_modules/@esbuild/darwin-arm64": {
      "version": "0.23.1",
      "resolved": "https://ab-inbev.pkgs.visualstudio.com/GHQ_B2B_Delta/_packaging/admin-portal-shared-services/npm/registry/@esbuild/darwin-arm64/-/darwin-arm64-0.23.1.tgz",
      "integrity": "sha1-BbF/kah+VXtGipx16dhasQwSGxY=",
      "cpu": [
        "arm64"
      ],
      "dev": true,
      "license": "MIT",
      "optional": true,
      "os": [
        "darwin"
      ],
      "engines": {
        "node": ">=18"
      }
    },
    "node_modules/tsx/node_modules/esbuild": {
      "version": "0.23.1",
      "resolved": "https://ab-inbev.pkgs.visualstudio.com/GHQ_B2B_Delta/_packaging/admin-portal-shared-services/npm/registry/esbuild/-/esbuild-0.23.1.tgz",
      "integrity": "sha1-QP3D+SZewL6ub1mCSt4b09PS2rg=",
      "dev": true,
      "hasInstallScript": true,
      "license": "MIT",
      "bin": {
        "esbuild": "bin/esbuild"
      },
      "engines": {
        "node": ">=18"
      },
      "optionalDependencies": {
        "@esbuild/aix-ppc64": "0.23.1",
        "@esbuild/android-arm": "0.23.1",
        "@esbuild/android-arm64": "0.23.1",
        "@esbuild/android-x64": "0.23.1",
        "@esbuild/darwin-arm64": "0.23.1",
        "@esbuild/darwin-x64": "0.23.1",
        "@esbuild/freebsd-arm64": "0.23.1",
        "@esbuild/freebsd-x64": "0.23.1",
        "@esbuild/linux-arm": "0.23.1",
        "@esbuild/linux-arm64": "0.23.1",
        "@esbuild/linux-ia32": "0.23.1",
        "@esbuild/linux-loong64": "0.23.1",
        "@esbuild/linux-mips64el": "0.23.1",
        "@esbuild/linux-ppc64": "0.23.1",
        "@esbuild/linux-riscv64": "0.23.1",
        "@esbuild/linux-s390x": "0.23.1",
        "@esbuild/linux-x64": "0.23.1",
        "@esbuild/netbsd-x64": "0.23.1",
        "@esbuild/openbsd-arm64": "0.23.1",
        "@esbuild/openbsd-x64": "0.23.1",
        "@esbuild/sunos-x64": "0.23.1",
        "@esbuild/win32-arm64": "0.23.1",
        "@esbuild/win32-ia32": "0.23.1",
        "@esbuild/win32-x64": "0.23.1"
      }
    },
    "node_modules/typescript": {
      "version": "5.6.2",
      "resolved": "https://ab-inbev.pkgs.visualstudio.com/GHQ_B2B_Delta/_packaging/admin-portal-shared-services/npm/registry/typescript/-/typescript-5.6.2.tgz",
      "integrity": "sha1-0d5ntr73fEGCP4It+PCzvP9gpaA=",
      "dev": true,
      "license": "Apache-2.0",
      "bin": {
        "tsc": "bin/tsc",
        "tsserver": "bin/tsserver"
      },
      "engines": {
        "node": ">=14.17"
      }
    },
    "node_modules/undici-types": {
      "version": "6.19.8",
      "resolved": "https://ab-inbev.pkgs.visualstudio.com/GHQ_B2B_Delta/_packaging/admin-portal-shared-services/npm/registry/undici-types/-/undici-types-6.19.8.tgz",
      "integrity": "sha1-NREcnRQ3q4OnzcCrri8m2I7aCgI=",
      "dev": true,
      "license": "MIT"
    },
    "node_modules/zod": {
      "version": "3.23.8",
      "resolved": "https://ab-inbev.pkgs.visualstudio.com/GHQ_B2B_Delta/_packaging/admin-portal-shared-services/npm/registry/zod/-/zod-3.23.8.tgz",
      "integrity": "sha1-43uVe11SB5dp+4CXCZtZLw70Bn0=",
      "license": "MIT",
      "funding": {
        "url": "https://github.com/sponsors/colinhacks"
      }
    },
    "node_modules/zod-to-json-schema": {
      "version": "3.23.3",
      "resolved": "https://ab-inbev.pkgs.visualstudio.com/GHQ_B2B_Delta/_packaging/admin-portal-shared-services/npm/registry/zod-to-json-schema/-/zod-to-json-schema-3.23.3.tgz",
      "integrity": "sha1-Vs9OC9XECWq0bmMVniCZjsexnDk=",
      "license": "ISC",
      "peerDependencies": {
        "zod": "^3.23.3"
      }
    }
  }
}
